
Microsoft Visual Studio Solution File, Format Version 11.00
# Visual Studio 2010
Project("{FAE04EC0-301F-11D3-BF4B-00C04F79EFBC}") = "DSC", "DuplicateSearcher\DSC.csproj", "{2027055C-A03A-4B9A-AD7D-1CC72867522D}"
EndProject
Project("{FAE04EC0-301F-11D3-BF4B-00C04F79EFBC}") = "DSGUI", "DuplicateSearcher\DSGUI.csproj", "{25D2AF62-D581-4976-8ACC-8459180BBD0F}"
EndProject
Global
	GlobalSection(SolutionConfigurationPlatforms) = preSolution
		Debug|Any CPU = Debug|Any CPU
		Debug|Mixed Platforms = Debug|Mixed Platforms
		Debug|x86 = Debug|x86
		Release|Any CPU = Release|Any CPU
		Release|Mixed Platforms = Release|Mixed Platforms
		Release|x86 = Release|x86
	EndGlobalSection
	GlobalSection(ProjectConfigurationPlatforms) = postSolution
		{2027055C-A03A-4B9A-AD7D-1CC72867522D}.Debug|Any CPU.ActiveCfg = Debug|Any CPU
		{2027055C-A03A-4B9A-AD7D-1CC72867522D}.Debug|Any CPU.Build.0 = Debug|Any CPU
		{2027055C-A03A-4B9A-AD7D-1CC72867522D}.Debug|Mixed Platforms.ActiveCfg = Debug|Any CPU
		{2027055C-A03A-4B9A-AD7D-1CC72867522D}.Debug|Mixed Platforms.Build.0 = Debug|Any CPU
		{2027055C-A03A-4B9A-AD7D-1CC72867522D}.Debug|x86.ActiveCfg = Debug|Any CPU
		{2027055C-A03A-4B9A-AD7D-1CC72867522D}.Release|Any CPU.ActiveCfg = Release|Any CPU
		{2027055C-A03A-4B9A-AD7D-1CC72867522D}.Release|Any CPU.Build.0 = Release|Any CPU
		{2027055C-A03A-4B9A-AD7D-1CC72867522D}.Release|Mixed Platforms.ActiveCfg = Release|Any CPU
		{2027055C-A03A-4B9A-AD7D-1CC72867522D}.Release|Mixed Platforms.Build.0 = Release|Any CPU
		{2027055C-A03A-4B9A-AD7D-1CC72867522D}.Release|x86.ActiveCfg = Release|Any CPU
		{25D2AF62-D581-4976-8ACC-8459180BBD0F}.Debug|Any CPU.ActiveCfg = Debug|Any CPU
		{25D2AF62-D581-4976-8ACC-8459180BBD0F}.Debug|Any CPU.Build.0 = Debug|Any CPU
		{25D2AF62-D581-4976-8ACC-8459180BBD0F}.Debug|Mixed Platforms.ActiveCfg = Debug|Any CPU
		{25D2AF62-D581-4976-8ACC-8459180BBD0F}.Debug|Mixed Platforms.Build.0 = Debug|Any CPU
		{25D2AF62-D581-4976-8ACC-8459180BBD0F}.Debug|x86.ActiveCfg = Debug|Any CPU
		{25D2AF62-D581-4976-8ACC-8459180BBD0F}.Debug|x86.Build.0 = Debug|Any CPU
		{25D2AF62-D581-4976-8ACC-8459180BBD0F}.Release|Any CPU.ActiveCfg = Release|Any CPU
		{25D2AF62-D581-4976-8ACC-8459180BBD0F}.Release|Any CPU.Build.0 = Release|Any CPU
		{25D2AF62-D581-4976-8ACC-8459180BBD0F}.Release|Mixed Platforms.ActiveCfg = Release|Any CPU
		{25D2AF62-D581-4976-8ACC-8459180BBD0F}.Release|Mixed Platforms.Build.0 = Release|Any CPU
		{25D2AF62-D581-4976-8ACC-8459180BBD0F}.Release|x86.ActiveCfg = Release|Any CPU
		{25D2AF62-D581-4976-8ACC-8459180BBD0F}.Release|x86.Build.0 = Release|Any CPU
	EndGlobalSection
	GlobalSection(SolutionProperties) = preSolution
		HideSolutionNode = FALSE
	EndGlobalSection
EndGlobal
